# This file is automatically @generated by Cargo.
# It is not intended for manual editing.
version = 3

[[package]]
name = "cjs-module-lexer"
version = "0.1.0"
dependencies = [
 "unicode-id-start",
]

[[package]]
name = "unicode-id-start"
version = "1.0.3"
source = "registry+https://github.com/rust-lang/crates.io-index"
checksum = "238a3d5702128479aa8f25de86d12dde3ef71859109b6c1be6ce62dd4e76b160"
