# THIS IS AN AUTOGENERATED FILE. DO NOT EDIT THIS FILE DIRECTLY.
# yarn lockfile v1


cjs-module-lexer-rs@^0.2.4:
  version "0.2.4"
  resolved "https://registry.npmjs.org/cjs-module-lexer-rs/-/cjs-module-lexer-rs-0.2.4.tgz#bdd3e4f2a98dcdd0cc6acc2add4c9fd721a03c17"
  integrity sha512-3IAqUojLK5aiNN7bkLrYFE8cwEOme5hNosxfcTBYsSz9T2Dqw7t8WiZ6D9hWmqNELVrjLzUtumDMt2reicl8yQ==
